Microsoft Visual Studio Solution File, Format Version 12.00
# Visual Studio Version 17
VisualStudioVersion = 17.0.31611.283
MinimumVisualStudioVersion = 10.0.40219.1
Project("{9A19103F-16F7-4668-BE54-9A1E7A4F7556}") = "Blazorise-Maui", "Blazorise-Maui\Blazorise-Maui.csproj", "{BD60E872-EA0E-4567-A1C8-595516C1A30D}"
EndProject
Project("{9A19103F-16F7-4668-BE54-9A1E7A4F7556}") = "Blazorise-Web-Assembly", "Blazorise-Web-Assembly\Blazorise-Web-Assembly.csproj", "{5176976F-E2FC-442A-BF50-4456007EFB03}"
EndProject
Project("{9A19103F-16F7-4668-BE54-9A1E7A4F7556}") = "Blazorise-Shared", "Blazorise-Shared\Blazorise-Shared.csproj", "{94DAEFAB-6FB6-44F1-A84B-22B6EA748309}"
EndProject
Global
	GlobalSection(SolutionConfigurationPlatforms) = preSolution
		Debug|Any CPU = Debug|Any CPU
		Release|Any CPU = Release|Any CPU
	EndGlobalSection
	GlobalSection(ProjectConfigurationPlatforms) = postSolution
		{BD60E872-EA0E-4567-A1C8-595516C1A30D}.Debug|Any CPU.ActiveCfg = Debug|Any CPU
		{BD60E872-EA0E-4567-A1C8-595516C1A30D}.Debug|Any CPU.Build.0 = Debug|Any CPU
		{BD60E872-EA0E-4567-A1C8-595516C1A30D}.Debug|Any CPU.Deploy.0 = Debug|Any CPU
		{BD60E872-EA0E-4567-A1C8-595516C1A30D}.Release|Any CPU.ActiveCfg = Release|Any CPU
		{BD60E872-EA0E-4567-A1C8-595516C1A30D}.Release|Any CPU.Build.0 = Release|Any CPU
		{5176976F-E2FC-442A-BF50-4456007EFB03}.Debug|Any CPU.ActiveCfg = Debug|Any CPU
		{5176976F-E2FC-442A-BF50-4456007EFB03}.Debug|Any CPU.Build.0 = Debug|Any CPU
		{5176976F-E2FC-442A-BF50-4456007EFB03}.Release|Any CPU.ActiveCfg = Release|Any CPU
		{5176976F-E2FC-442A-BF50-4456007EFB03}.Release|Any CPU.Build.0 = Release|Any CPU
		{94DAEFAB-6FB6-44F1-A84B-22B6EA748309}.Debug|Any CPU.ActiveCfg = Debug|Any CPU
		{94DAEFAB-6FB6-44F1-A84B-22B6EA748309}.Debug|Any CPU.Build.0 = Debug|Any CPU
		{94DAEFAB-6FB6-44F1-A84B-22B6EA748309}.Release|Any CPU.ActiveCfg = Release|Any CPU
		{94DAEFAB-6FB6-44F1-A84B-22B6EA748309}.Release|Any CPU.Build.0 = Release|Any CPU
	EndGlobalSection
	GlobalSection(SolutionProperties) = preSolution
		HideSolutionNode = FALSE
	EndGlobalSection
	GlobalSection(ExtensibilityGlobals) = postSolution
		SolutionGuid = {61F7FB11-1E47-470C-91E2-47F8143E1572}
	EndGlobalSection
EndGlobal
